
Microsoft Visual Studio Solution File, Format Version 12.00
# Visual Studio Version 17
VisualStudioVersion = 17.7.34018.315
MinimumVisualStudioVersion = 10.0.40219.1
Project("{FAE04EC0-301F-11D3-BF4B-00C04F79EFBC}") = "bookStoreWithCount", "bookStoreWithCount.csproj", "{97A17AB1-B896-43C8-B2EE-285C4EB31507}"
EndProject
Global
	GlobalSection(SolutionConfigurationPlatforms) = preSolution
		Debug|Any CPU = Debug|Any CPU
		Release|Any CPU = Release|Any CPU
	EndGlobalSection
	GlobalSection(ProjectConfigurationPlatforms) = postSolution
		{97A17AB1-B896-43C8-B2EE-285C4EB31507}.Debug|Any CPU.ActiveCfg = Debug|Any CPU
		{97A17AB1-B896-43C8-B2EE-285C4EB31507}.Debug|Any CPU.Build.0 = Debug|Any CPU
		{97A17AB1-B896-43C8-B2EE-285C4EB31507}.Release|Any CPU.ActiveCfg = Release|Any CPU
		{97A17AB1-B896-43C8-B2EE-285C4EB31507}.Release|Any CPU.Build.0 = Release|Any CPU
	EndGlobalSection
	GlobalSection(SolutionProperties) = preSolution
		HideSolutionNode = FALSE
	EndGlobalSection
	GlobalSection(ExtensibilityGlobals) = postSolution
		SolutionGuid = {8414035A-C94D-444A-8A05-24220C9ABEED}
	EndGlobalSection
EndGlobal
